
Microsoft Visual Studio Solution File, Format Version 12.00
# Visual Studio Version 16
VisualStudioVersion = 16.0.30320.27
MinimumVisualStudioVersion = 10.0.40219.1
Project("{FAE04EC0-301F-11D3-BF4B-00C04F79EFBC}") = "ForecastUI", "ForecastUI\ForecastUI.csproj", "{23E6AC23-6451-4996-B75A-BF9AE530694A}"
EndProject
Global
	GlobalSection(SolutionConfigurationPlatforms) = preSolution
		Debug|Any CPU = Debug|Any CPU
		Release|Any CPU = Release|Any CPU
	EndGlobalSection
	GlobalSection(ProjectConfigurationPlatforms) = postSolution
		{23E6AC23-6451-4996-B75A-BF9AE530694A}.Debug|Any CPU.ActiveCfg = Debug|Any CPU
		{23E6AC23-6451-4996-B75A-BF9AE530694A}.Debug|Any CPU.Build.0 = Debug|Any CPU
		{23E6AC23-6451-4996-B75A-BF9AE530694A}.Release|Any CPU.ActiveCfg = Release|Any CPU
		{23E6AC23-6451-4996-B75A-BF9AE530694A}.Release|Any CPU.Build.0 = Release|Any CPU
	EndGlobalSection
	GlobalSection(SolutionProperties) = preSolution
		HideSolutionNode = FALSE
	EndGlobalSection
	GlobalSection(ExtensibilityGlobals) = postSolution
		SolutionGuid = {E30C4620-4343-414E-A7C6-C8142DA849C8}
	EndGlobalSection
EndGlobal
